
Microsoft Visual Studio Solution File, Format Version 12.00
# Visual Studio Version 17
VisualStudioVersion = 17.3.32611.2
MinimumVisualStudioVersion = 10.0.40219.1
Project("{9A19103F-16F7-4668-BE54-9A1E7A4F7556}") = "Domain", "Domain\Domain.csproj", "{C2C0F0E7-D89D-4285-BB7A-157B9A3478F7}"
EndProject
Project("{9A19103F-16F7-4668-BE54-9A1E7A4F7556}") = "Infrastructure", "Infrastructure\Infrastructure.csproj", "{09DAB2D9-8972-4630-B3C2-6DE8EA7054B3}"
EndProject
Project("{9A19103F-16F7-4668-BE54-9A1E7A4F7556}") = "WebUI", "WebUI\WebUI.csproj", "{7908C5E7-55FA-4399-8248-18D05FED0FD2}"
EndProject
Global
	GlobalSection(SolutionConfigurationPlatforms) = preSolution
		Debug|Any CPU = Debug|Any CPU
		Release|Any CPU = Release|Any CPU
	EndGlobalSection
	GlobalSection(ProjectConfigurationPlatforms) = postSolution
		{C2C0F0E7-D89D-4285-BB7A-157B9A3478F7}.Debug|Any CPU.ActiveCfg = Debug|Any CPU
		{C2C0F0E7-D89D-4285-BB7A-157B9A3478F7}.Debug|Any CPU.Build.0 = Debug|Any CPU
		{C2C0F0E7-D89D-4285-BB7A-157B9A3478F7}.Release|Any CPU.ActiveCfg = Release|Any CPU
		{C2C0F0E7-D89D-4285-BB7A-157B9A3478F7}.Release|Any CPU.Build.0 = Release|Any CPU
		{09DAB2D9-8972-4630-B3C2-6DE8EA7054B3}.Debug|Any CPU.ActiveCfg = Debug|Any CPU
		{09DAB2D9-8972-4630-B3C2-6DE8EA7054B3}.Debug|Any CPU.Build.0 = Debug|Any CPU
		{09DAB2D9-8972-4630-B3C2-6DE8EA7054B3}.Release|Any CPU.ActiveCfg = Release|Any CPU
		{09DAB2D9-8972-4630-B3C2-6DE8EA7054B3}.Release|Any CPU.Build.0 = Release|Any CPU
		{7908C5E7-55FA-4399-8248-18D05FED0FD2}.Debug|Any CPU.ActiveCfg = Debug|Any CPU
		{7908C5E7-55FA-4399-8248-18D05FED0FD2}.Debug|Any CPU.Build.0 = Debug|Any CPU
		{7908C5E7-55FA-4399-8248-18D05FED0FD2}.Release|Any CPU.ActiveCfg = Release|Any CPU
		{7908C5E7-55FA-4399-8248-18D05FED0FD2}.Release|Any CPU.Build.0 = Release|Any CPU
	EndGlobalSection
	GlobalSection(SolutionProperties) = preSolution
		HideSolutionNode = FALSE
	EndGlobalSection
	GlobalSection(ExtensibilityGlobals) = postSolution
		SolutionGuid = {D26AAB4B-BF79-431F-A7C0-603B504F9846}
	EndGlobalSection
EndGlobal
